
Microsoft Visual Studio Solution File, Format Version 12.00
# Visual Studio Version 17
VisualStudioVersion = 17.7.34221.43
MinimumVisualStudioVersion = 10.0.40219.1
Project("{FAE04EC0-301F-11D3-BF4B-00C04F79EFBC}") = "AssessmentProject", "AssessmentProject.csproj", "{5D090093-C7B8-45BF-9384-9E9E52BEC588}"
EndProject
Global
	GlobalSection(SolutionConfigurationPlatforms) = preSolution
		Debug|Any CPU = Debug|Any CPU
		Release|Any CPU = Release|Any CPU
	EndGlobalSection
	GlobalSection(ProjectConfigurationPlatforms) = postSolution
		{5D090093-C7B8-45BF-9384-9E9E52BEC588}.Debug|Any CPU.ActiveCfg = Debug|Any CPU
		{5D090093-C7B8-45BF-9384-9E9E52BEC588}.Debug|Any CPU.Build.0 = Debug|Any CPU
		{5D090093-C7B8-45BF-9384-9E9E52BEC588}.Release|Any CPU.ActiveCfg = Release|Any CPU
		{5D090093-C7B8-45BF-9384-9E9E52BEC588}.Release|Any CPU.Build.0 = Release|Any CPU
	EndGlobalSection
	GlobalSection(SolutionProperties) = preSolution
		HideSolutionNode = FALSE
	EndGlobalSection
	GlobalSection(ExtensibilityGlobals) = postSolution
		SolutionGuid = {DAC27884-9CA5-4BEB-ABEE-957DC3979F9F}
	EndGlobalSection
EndGlobal
